# This file is automatically @generated by Poetry 1.8.3 and should not be changed by hand.

[[package]]
name = "polars"
version = "1.8.1"
description = "Blazingly fast DataFrame library"
optional = false
python-versions = ">=3.8"
files = [
    {file = "polars-1.8.1-cp38-abi3-macosx_10_12_x86_64.whl", hash = "sha256:128d73862ecc60493c8cd614d3f42c4d0e5d4a530b391c95f51ce37126514993"},
    {file = "polars-1.8.1-cp38-abi3-macosx_11_0_arm64.whl", hash = "sha256:a11e3d2c720399c50bbcf02cd113794e25d55de1f59479d5a19b29f13b90eeaf"},
    {file = "polars-1.8.1-cp38-abi3-manylinux_2_17_x86_64.manylinux2014_x86_64.whl", hash = "sha256:c04d05f1f3e884907d12bda034e6a2f0052dd093a6dc799021a4eb03e4eb4695"},
    {file = "polars-1.8.1-cp38-abi3-manylinux_2_24_aarch64.whl", hash = "sha256:9dcf21cc2224a92efd31f77d93db51b86fc006fe4b41c818a52bde3f389762a2"},
    {file = "polars-1.8.1-cp38-abi3-win_amd64.whl", hash = "sha256:b1d55fa8eb07c7f63f3cb926b8c4e6c695327e3b4111e09e965804a9df0dda49"},
    {file = "polars-1.8.1.tar.gz", hash = "sha256:6cb5f37bf7ef5937344eb07e02239d7b5cba57fc321460036193f4ee658c8cdc"},
]

[package.extras]
adbc = ["adbc-driver-manager[dbapi]", "adbc-driver-sqlite[dbapi]"]
all = ["polars[async,cloudpickle,database,deltalake,excel,fsspec,graph,iceberg,numpy,pandas,plot,pyarrow,pydantic,style,timezone]"]
async = ["gevent"]
calamine = ["fastexcel (>=0.9)"]
cloudpickle = ["cloudpickle"]
connectorx = ["connectorx (>=0.3.2)"]
database = ["nest-asyncio", "polars[adbc,connectorx,sqlalchemy]"]
deltalake = ["deltalake (>=0.15.0)"]
excel = ["polars[calamine,openpyxl,xlsx2csv,xlsxwriter]"]
fsspec = ["fsspec"]
gpu = ["cudf-polars-cu12"]
graph = ["matplotlib"]
iceberg = ["pyiceberg (>=0.5.0)"]
numpy = ["numpy (>=1.16.0)"]
openpyxl = ["openpyxl (>=3.0.0)"]
pandas = ["pandas", "polars[pyarrow]"]
plot = ["altair (>=5.4.0)"]
pyarrow = ["pyarrow (>=7.0.0)"]
pydantic = ["pydantic"]
sqlalchemy = ["polars[pandas]", "sqlalchemy"]
style = ["great-tables (>=0.8.0)"]
timezone = ["backports-zoneinfo", "tzdata"]
xlsx2csv = ["xlsx2csv (>=0.8.0)"]
xlsxwriter = ["xlsxwriter"]

[metadata]
lock-version = "2.0"
python-versions = ">=3.12,<3.13"
content-hash = "d68143a984620965ef5b5948941a3d1dbda53b54a4fa8e28e5870714129c3a39"
